
Microsoft Visual Studio Solution File, Format Version 12.00
# Visual Studio Version 16
VisualStudioVersion = 16.0.30413.136
MinimumVisualStudioVersion = 10.0.40219.1
Project("{FAE04EC0-301F-11D3-BF4B-00C04F79EFBC}") = "RestaurantRaterAPI", "RestaurantRaterAPI\RestaurantRaterAPI.csproj", "{60C29FD9-5F2D-47C3-8802-34BE804E758C}"
EndProject
Global
	GlobalSection(SolutionConfigurationPlatforms) = preSolution
		Debug|Any CPU = Debug|Any CPU
		Release|Any CPU = Release|Any CPU
	EndGlobalSection
	GlobalSection(ProjectConfigurationPlatforms) = postSolution
		{60C29FD9-5F2D-47C3-8802-34BE804E758C}.Debug|Any CPU.ActiveCfg = Debug|Any CPU
		{60C29FD9-5F2D-47C3-8802-34BE804E758C}.Debug|Any CPU.Build.0 = Debug|Any CPU
		{60C29FD9-5F2D-47C3-8802-34BE804E758C}.Release|Any CPU.ActiveCfg = Release|Any CPU
		{60C29FD9-5F2D-47C3-8802-34BE804E758C}.Release|Any CPU.Build.0 = Release|Any CPU
	EndGlobalSection
	GlobalSection(SolutionProperties) = preSolution
		HideSolutionNode = FALSE
	EndGlobalSection
	GlobalSection(ExtensibilityGlobals) = postSolution
		SolutionGuid = {746C3A1B-24BD-4F9B-9903-B0BB28B2243D}
	EndGlobalSection
EndGlobal
